
Microsoft Visual Studio Solution File, Format Version 12.00
# Visual Studio Version 17
VisualStudioVersion = 17.6.33723.286
MinimumVisualStudioVersion = 10.0.40219.1
Project("{FAE04EC0-301F-11D3-BF4B-00C04F79EFBC}") = "Books", "Books\Books.csproj", "{2F91E564-422A-45A2-9C0A-DAA7D5306993}"
EndProject
Global
	GlobalSection(SolutionConfigurationPlatforms) = preSolution
		Debug|Any CPU = Debug|Any CPU
		Release|Any CPU = Release|Any CPU
	EndGlobalSection
	GlobalSection(ProjectConfigurationPlatforms) = postSolution
		{2F91E564-422A-45A2-9C0A-DAA7D5306993}.Debug|Any CPU.ActiveCfg = Debug|Any CPU
		{2F91E564-422A-45A2-9C0A-DAA7D5306993}.Debug|Any CPU.Build.0 = Debug|Any CPU
		{2F91E564-422A-45A2-9C0A-DAA7D5306993}.Release|Any CPU.ActiveCfg = Release|Any CPU
		{2F91E564-422A-45A2-9C0A-DAA7D5306993}.Release|Any CPU.Build.0 = Release|Any CPU
	EndGlobalSection
	GlobalSection(SolutionProperties) = preSolution
		HideSolutionNode = FALSE
	EndGlobalSection
	GlobalSection(ExtensibilityGlobals) = postSolution
		SolutionGuid = {B8066D65-2A5D-43F9-9858-C5A9A6A60482}
	EndGlobalSection
EndGlobal
